PODS:
  - bluetoothlinkflutter (0.0.1):
    - Flutter
  - Flutter (1.0.0)

DEPENDENCIES:
  - bluetoothlinkflutter (from `.symlinks/plugins/bluetoothlinkflutter/ios`)
  - Flutter (from `Flutter`)

EXTERNAL SOURCES:
  bluetoothlinkflutter:
    :path: ".symlinks/plugins/bluetoothlinkflutter/ios"
  Flutter:
    :path: Flutter

SPEC CHECKSUMS:
  bluetoothlinkflutter: 683d6e21cd82bdccc2a89ca36ded7b17bd5bec48
  Flutter: f04841e97a9d0b0a8025694d0796dd46242b2854

PODFILE CHECKSUM: 663715e941f9adb426e33bf9376914006f9ea95b

COCOAPODS: 1.11.3
